
Microsoft Visual Studio Solution File, Format Version 12.00
# Visual Studio 15
VisualStudioVersion = 15.0.27703.2026
MinimumVisualStudioVersion = 10.0.40219.1
Project("{9A19103F-16F7-4668-BE54-9A1E7A4F7556}") = "fifo_animal_shelter", "fifo_animal_shelter\fifo_animal_shelter.csproj", "{133F8271-0CE5-4FE0-A3D4-E7965232EB3C}"
EndProject
Project("{9A19103F-16F7-4668-BE54-9A1E7A4F7556}") = "XUnitTestFifo_Animal_Shelter", "XUnitTestFifo_Animal_Shelter\XUnitTestFifo_Animal_Shelter.csproj", "{BD284596-781E-47E0-9090-7E0F255605BE}"
EndProject
Project("{2150E333-8FDC-42A3-9474-1A3956D46DE8}") = "Solution Items", "Solution Items", "{8C74DA1A-DCDD-4EBF-98CD-1F181193D102}"
	ProjectSection(SolutionItems) = preProject
		..\README.md = ..\README.md
	EndProjectSection
EndProject
Global
	GlobalSection(SolutionConfigurationPlatforms) = preSolution
		Debug|Any CPU = Debug|Any CPU
		Release|Any CPU = Release|Any CPU
	EndGlobalSection
	GlobalSection(ProjectConfigurationPlatforms) = postSolution
		{133F8271-0CE5-4FE0-A3D4-E7965232EB3C}.Debug|Any CPU.ActiveCfg = Debug|Any CPU
		{133F8271-0CE5-4FE0-A3D4-E7965232EB3C}.Debug|Any CPU.Build.0 = Debug|Any CPU
		{133F8271-0CE5-4FE0-A3D4-E7965232EB3C}.Release|Any CPU.ActiveCfg = Release|Any CPU
		{133F8271-0CE5-4FE0-A3D4-E7965232EB3C}.Release|Any CPU.Build.0 = Release|Any CPU
		{BD284596-781E-47E0-9090-7E0F255605BE}.Debug|Any CPU.ActiveCfg = Debug|Any CPU
		{BD284596-781E-47E0-9090-7E0F255605BE}.Debug|Any CPU.Build.0 = Debug|Any CPU
		{BD284596-781E-47E0-9090-7E0F255605BE}.Release|Any CPU.ActiveCfg = Release|Any CPU
		{BD284596-781E-47E0-9090-7E0F255605BE}.Release|Any CPU.Build.0 = Release|Any CPU
	EndGlobalSection
	GlobalSection(SolutionProperties) = preSolution
		HideSolutionNode = FALSE
	EndGlobalSection
	GlobalSection(ExtensibilityGlobals) = postSolution
		SolutionGuid = {B7C471CC-6C02-437A-B41D-B1A48F2AE1C1}
	EndGlobalSection
EndGlobal
