
Microsoft Visual Studio Solution File, Format Version 12.00
# Visual Studio 15
VisualStudioVersion = 15.0.27703.2042
MinimumVisualStudioVersion = 10.0.40219.1
Project("{FAE04EC0-301F-11D3-BF4B-00C04F79EFBC}") = "Quick_Sort", "Quick_Sort\Quick_Sort.csproj", "{CB2FE7FA-C0D5-48D7-B642-4693880CB949}"
EndProject
Project("{FAE04EC0-301F-11D3-BF4B-00C04F79EFBC}") = "XUnitQuickSort", "XUnitQuickSort\XUnitQuickSort.csproj", "{5FEE0194-BFA9-4076-A8F4-77F9F1CAE71C}"
EndProject
Global
	GlobalSection(SolutionConfigurationPlatforms) = preSolution
		Debug|Any CPU = Debug|Any CPU
		Release|Any CPU = Release|Any CPU
	EndGlobalSection
	GlobalSection(ProjectConfigurationPlatforms) = postSolution
		{CB2FE7FA-C0D5-48D7-B642-4693880CB949}.Debug|Any CPU.ActiveCfg = Debug|Any CPU
		{CB2FE7FA-C0D5-48D7-B642-4693880CB949}.Debug|Any CPU.Build.0 = Debug|Any CPU
		{CB2FE7FA-C0D5-48D7-B642-4693880CB949}.Release|Any CPU.ActiveCfg = Release|Any CPU
		{CB2FE7FA-C0D5-48D7-B642-4693880CB949}.Release|Any CPU.Build.0 = Release|Any CPU
		{5FEE0194-BFA9-4076-A8F4-77F9F1CAE71C}.Debug|Any CPU.ActiveCfg = Debug|Any CPU
		{5FEE0194-BFA9-4076-A8F4-77F9F1CAE71C}.Debug|Any CPU.Build.0 = Debug|Any CPU
		{5FEE0194-BFA9-4076-A8F4-77F9F1CAE71C}.Release|Any CPU.ActiveCfg = Release|Any CPU
		{5FEE0194-BFA9-4076-A8F4-77F9F1CAE71C}.Release|Any CPU.Build.0 = Release|Any CPU
	EndGlobalSection
	GlobalSection(SolutionProperties) = preSolution
		HideSolutionNode = FALSE
	EndGlobalSection
	GlobalSection(ExtensibilityGlobals) = postSolution
		SolutionGuid = {89B78E1C-00B1-4025-9674-FE2EC513017A}
	EndGlobalSection
EndGlobal
