
Microsoft Visual Studio Solution File, Format Version 12.00
# Visual Studio 15
VisualStudioVersion = 15.0.27703.2026
MinimumVisualStudioVersion = 10.0.40219.1
Project("{FAE04EC0-301F-11D3-BF4B-00C04F79EFBC}") = "LinkList", "LinkList\LinkList.csproj", "{829B5251-44AB-4D94-AA4E-014AFBD944C5}"
EndProject
Project("{FAE04EC0-301F-11D3-BF4B-00C04F79EFBC}") = "XUnitTestLinkedList", "XUnitTestLinkedList\XUnitTestLinkedList.csproj", "{D2BE46FB-8CF1-4123-812C-A73F2A826C45}"
EndProject
Global
	GlobalSection(SolutionConfigurationPlatforms) = preSolution
		Debug|Any CPU = Debug|Any CPU
		Release|Any CPU = Release|Any CPU
	EndGlobalSection
	GlobalSection(ProjectConfigurationPlatforms) = postSolution
		{829B5251-44AB-4D94-AA4E-014AFBD944C5}.Debug|Any CPU.ActiveCfg = Debug|Any CPU
		{829B5251-44AB-4D94-AA4E-014AFBD944C5}.Debug|Any CPU.Build.0 = Debug|Any CPU
		{829B5251-44AB-4D94-AA4E-014AFBD944C5}.Release|Any CPU.ActiveCfg = Release|Any CPU
		{829B5251-44AB-4D94-AA4E-014AFBD944C5}.Release|Any CPU.Build.0 = Release|Any CPU
		{D2BE46FB-8CF1-4123-812C-A73F2A826C45}.Debug|Any CPU.ActiveCfg = Debug|Any CPU
		{D2BE46FB-8CF1-4123-812C-A73F2A826C45}.Debug|Any CPU.Build.0 = Debug|Any CPU
		{D2BE46FB-8CF1-4123-812C-A73F2A826C45}.Release|Any CPU.ActiveCfg = Release|Any CPU
		{D2BE46FB-8CF1-4123-812C-A73F2A826C45}.Release|Any CPU.Build.0 = Release|Any CPU
	EndGlobalSection
	GlobalSection(SolutionProperties) = preSolution
		HideSolutionNode = FALSE
	EndGlobalSection
	GlobalSection(ExtensibilityGlobals) = postSolution
		SolutionGuid = {46794A9F-E0F2-4FBD-AB7B-C797CD750C63}
	EndGlobalSection
EndGlobal
