
Microsoft Visual Studio Solution File, Format Version 12.00
# Visual Studio 15
VisualStudioVersion = 15.0.27703.2042
MinimumVisualStudioVersion = 10.0.40219.1
Project("{9A19103F-16F7-4668-BE54-9A1E7A4F7556}") = "Merge_Sort", "Merge_Sort\Merge_Sort.csproj", "{404008CE-A579-4829-9F07-6A7D781D6A71}"
EndProject
Project("{FAE04EC0-301F-11D3-BF4B-00C04F79EFBC}") = "XUnitMergeSort", "XUnitMergeSort\XUnitMergeSort.csproj", "{8684061D-A75B-4534-A318-4512AAF320A3}"
EndProject
Global
	GlobalSection(SolutionConfigurationPlatforms) = preSolution
		Debug|Any CPU = Debug|Any CPU
		Release|Any CPU = Release|Any CPU
	EndGlobalSection
	GlobalSection(ProjectConfigurationPlatforms) = postSolution
		{404008CE-A579-4829-9F07-6A7D781D6A71}.Debug|Any CPU.ActiveCfg = Debug|Any CPU
		{404008CE-A579-4829-9F07-6A7D781D6A71}.Debug|Any CPU.Build.0 = Debug|Any CPU
		{404008CE-A579-4829-9F07-6A7D781D6A71}.Release|Any CPU.ActiveCfg = Release|Any CPU
		{404008CE-A579-4829-9F07-6A7D781D6A71}.Release|Any CPU.Build.0 = Release|Any CPU
		{8684061D-A75B-4534-A318-4512AAF320A3}.Debug|Any CPU.ActiveCfg = Debug|Any CPU
		{8684061D-A75B-4534-A318-4512AAF320A3}.Debug|Any CPU.Build.0 = Debug|Any CPU
		{8684061D-A75B-4534-A318-4512AAF320A3}.Release|Any CPU.ActiveCfg = Release|Any CPU
		{8684061D-A75B-4534-A318-4512AAF320A3}.Release|Any CPU.Build.0 = Release|Any CPU
	EndGlobalSection
	GlobalSection(SolutionProperties) = preSolution
		HideSolutionNode = FALSE
	EndGlobalSection
	GlobalSection(ExtensibilityGlobals) = postSolution
		SolutionGuid = {64EC807D-EFC5-4A37-BBFC-158A0E9D101A}
	EndGlobalSection
EndGlobal
