
Microsoft Visual Studio Solution File, Format Version 12.00
# Visual Studio 15
VisualStudioVersion = 15.0.27703.2018
MinimumVisualStudioVersion = 10.0.40219.1
Project("{FAE04EC0-301F-11D3-BF4B-00C04F79EFBC}") = "whiteboard-challenge-01", "whiteboard-challenge-01\whiteboard-challenge-01.csproj", "{B4C5E5BD-E6B0-408C-AFF4-E0E0DDD1BD36}"
EndProject
Global
	GlobalSection(SolutionConfigurationPlatforms) = preSolution
		Debug|Any CPU = Debug|Any CPU
		Release|Any CPU = Release|Any CPU
	EndGlobalSection
	GlobalSection(ProjectConfigurationPlatforms) = postSolution
		{B4C5E5BD-E6B0-408C-AFF4-E0E0DDD1BD36}.Debug|Any CPU.ActiveCfg = Debug|Any CPU
		{B4C5E5BD-E6B0-408C-AFF4-E0E0DDD1BD36}.Debug|Any CPU.Build.0 = Debug|Any CPU
		{B4C5E5BD-E6B0-408C-AFF4-E0E0DDD1BD36}.Release|Any CPU.ActiveCfg = Release|Any CPU
		{B4C5E5BD-E6B0-408C-AFF4-E0E0DDD1BD36}.Release|Any CPU.Build.0 = Release|Any CPU
	EndGlobalSection
	GlobalSection(SolutionProperties) = preSolution
		HideSolutionNode = FALSE
	EndGlobalSection
	GlobalSection(ExtensibilityGlobals) = postSolution
		SolutionGuid = {E4E4BB4B-D1FF-4D8F-8F0C-11753626A7E9}
	EndGlobalSection
EndGlobal
