
Microsoft Visual Studio Solution File, Format Version 12.00
# Visual Studio 15
VisualStudioVersion = 15.0.27703.2026
MinimumVisualStudioVersion = 10.0.40219.1
Project("{FAE04EC0-301F-11D3-BF4B-00C04F79EFBC}") = "Tree_Intersection", "Tree_Intersection\Tree_Intersection.csproj", "{42CC7A54-6269-4CC4-8CAE-7D32D536EFCD}"
EndProject
Global
	GlobalSection(SolutionConfigurationPlatforms) = preSolution
		Debug|Any CPU = Debug|Any CPU
		Release|Any CPU = Release|Any CPU
	EndGlobalSection
	GlobalSection(ProjectConfigurationPlatforms) = postSolution
		{42CC7A54-6269-4CC4-8CAE-7D32D536EFCD}.Debug|Any CPU.ActiveCfg = Debug|Any CPU
		{42CC7A54-6269-4CC4-8CAE-7D32D536EFCD}.Debug|Any CPU.Build.0 = Debug|Any CPU
		{42CC7A54-6269-4CC4-8CAE-7D32D536EFCD}.Release|Any CPU.ActiveCfg = Release|Any CPU
		{42CC7A54-6269-4CC4-8CAE-7D32D536EFCD}.Release|Any CPU.Build.0 = Release|Any CPU
	EndGlobalSection
	GlobalSection(SolutionProperties) = preSolution
		HideSolutionNode = FALSE
	EndGlobalSection
	GlobalSection(ExtensibilityGlobals) = postSolution
		SolutionGuid = {263C74FC-5DF7-48AC-8C0F-B74763EC3565}
	EndGlobalSection
EndGlobal
