
Microsoft Visual Studio Solution File, Format Version 12.00
# Visual Studio 15
VisualStudioVersion = 15.0.27703.2026
MinimumVisualStudioVersion = 10.0.40219.1
Project("{9A19103F-16F7-4668-BE54-9A1E7A4F7556}") = "Hashtables", "Hashtables\Hashtables.csproj", "{B2FCB594-2A76-4BC1-9FF1-830037715EAF}"
EndProject
Project("{FAE04EC0-301F-11D3-BF4B-00C04F79EFBC}") = "XUnitTestHashtables", "XUnitTestHashtables\XUnitTestHashtables.csproj", "{D9CE489C-DA6A-4A7B-9AFB-31DC2C3CCFCF}"
EndProject
Global
	GlobalSection(SolutionConfigurationPlatforms) = preSolution
		Debug|Any CPU = Debug|Any CPU
		Release|Any CPU = Release|Any CPU
	EndGlobalSection
	GlobalSection(ProjectConfigurationPlatforms) = postSolution
		{B2FCB594-2A76-4BC1-9FF1-830037715EAF}.Debug|Any CPU.ActiveCfg = Debug|Any CPU
		{B2FCB594-2A76-4BC1-9FF1-830037715EAF}.Debug|Any CPU.Build.0 = Debug|Any CPU
		{B2FCB594-2A76-4BC1-9FF1-830037715EAF}.Release|Any CPU.ActiveCfg = Release|Any CPU
		{B2FCB594-2A76-4BC1-9FF1-830037715EAF}.Release|Any CPU.Build.0 = Release|Any CPU
		{D9CE489C-DA6A-4A7B-9AFB-31DC2C3CCFCF}.Debug|Any CPU.ActiveCfg = Debug|Any CPU
		{D9CE489C-DA6A-4A7B-9AFB-31DC2C3CCFCF}.Debug|Any CPU.Build.0 = Debug|Any CPU
		{D9CE489C-DA6A-4A7B-9AFB-31DC2C3CCFCF}.Release|Any CPU.ActiveCfg = Release|Any CPU
		{D9CE489C-DA6A-4A7B-9AFB-31DC2C3CCFCF}.Release|Any CPU.Build.0 = Release|Any CPU
	EndGlobalSection
	GlobalSection(SolutionProperties) = preSolution
		HideSolutionNode = FALSE
	EndGlobalSection
	GlobalSection(ExtensibilityGlobals) = postSolution
		SolutionGuid = {01F71EE3-3A85-4B80-8B10-3AB101028174}
	EndGlobalSection
EndGlobal
