
Microsoft Visual Studio Solution File, Format Version 12.00
# Visual Studio 15
VisualStudioVersion = 15.0.27703.2026
MinimumVisualStudioVersion = 10.0.40219.1
Project("{FAE04EC0-301F-11D3-BF4B-00C04F79EFBC}") = "FindMaxBinaryTree", "FindMaxBinaryTree\FindMaxBinaryTree.csproj", "{BE93A589-09D5-46CF-A286-282C710813B8}"
EndProject
Project("{FAE04EC0-301F-11D3-BF4B-00C04F79EFBC}") = "XUnitTestFindMax", "XUnitTestFindMax\XUnitTestFindMax.csproj", "{CF64929A-DB58-48D4-B5B7-E5523E573F41}"
EndProject
Project("{2150E333-8FDC-42A3-9474-1A3956D46DE8}") = "Solution Items", "Solution Items", "{A88D12E1-E48D-4F7A-BBEC-453DB918D9D9}"
	ProjectSection(SolutionItems) = preProject
		..\README.md = ..\README.md
	EndProjectSection
EndProject
Global
	GlobalSection(SolutionConfigurationPlatforms) = preSolution
		Debug|Any CPU = Debug|Any CPU
		Release|Any CPU = Release|Any CPU
	EndGlobalSection
	GlobalSection(ProjectConfigurationPlatforms) = postSolution
		{BE93A589-09D5-46CF-A286-282C710813B8}.Debug|Any CPU.ActiveCfg = Debug|Any CPU
		{BE93A589-09D5-46CF-A286-282C710813B8}.Debug|Any CPU.Build.0 = Debug|Any CPU
		{BE93A589-09D5-46CF-A286-282C710813B8}.Release|Any CPU.ActiveCfg = Release|Any CPU
		{BE93A589-09D5-46CF-A286-282C710813B8}.Release|Any CPU.Build.0 = Release|Any CPU
		{CF64929A-DB58-48D4-B5B7-E5523E573F41}.Debug|Any CPU.ActiveCfg = Debug|Any CPU
		{CF64929A-DB58-48D4-B5B7-E5523E573F41}.Debug|Any CPU.Build.0 = Debug|Any CPU
		{CF64929A-DB58-48D4-B5B7-E5523E573F41}.Release|Any CPU.ActiveCfg = Release|Any CPU
		{CF64929A-DB58-48D4-B5B7-E5523E573F41}.Release|Any CPU.Build.0 = Release|Any CPU
	EndGlobalSection
	GlobalSection(SolutionProperties) = preSolution
		HideSolutionNode = FALSE
	EndGlobalSection
	GlobalSection(ExtensibilityGlobals) = postSolution
		SolutionGuid = {0D302B74-55B7-4C38-AF53-1D5DCBA29BA5}
	EndGlobalSection
EndGlobal
