
Microsoft Visual Studio Solution File, Format Version 12.00
# Visual Studio 15
VisualStudioVersion = 15.0.27703.2026
MinimumVisualStudioVersion = 10.0.40219.1
Project("{9A19103F-16F7-4668-BE54-9A1E7A4F7556}") = "Whiteboard_Challenge_03", "Whiteboard_Challenge_03\Whiteboard_Challenge_03.csproj", "{553FE198-4B13-4FF8-A545-CF2E8FB5364F}"
EndProject
Global
	GlobalSection(SolutionConfigurationPlatforms) = preSolution
		Debug|Any CPU = Debug|Any CPU
		Release|Any CPU = Release|Any CPU
	EndGlobalSection
	GlobalSection(ProjectConfigurationPlatforms) = postSolution
		{553FE198-4B13-4FF8-A545-CF2E8FB5364F}.Debug|Any CPU.ActiveCfg = Debug|Any CPU
		{553FE198-4B13-4FF8-A545-CF2E8FB5364F}.Debug|Any CPU.Build.0 = Debug|Any CPU
		{553FE198-4B13-4FF8-A545-CF2E8FB5364F}.Release|Any CPU.ActiveCfg = Release|Any CPU
		{553FE198-4B13-4FF8-A545-CF2E8FB5364F}.Release|Any CPU.Build.0 = Release|Any CPU
	EndGlobalSection
	GlobalSection(SolutionProperties) = preSolution
		HideSolutionNode = FALSE
	EndGlobalSection
	GlobalSection(ExtensibilityGlobals) = postSolution
		SolutionGuid = {665A5710-43E7-4ED6-9BFE-FDCF0BD95476}
	EndGlobalSection
EndGlobal
