
Microsoft Visual Studio Solution File, Format Version 12.00
# Visual Studio 15
VisualStudioVersion = 15.0.27703.2026
MinimumVisualStudioVersion = 10.0.40219.1
Project("{9A19103F-16F7-4668-BE54-9A1E7A4F7556}") = "InsertionSortImplement", "InsertionSort\InsertionSortImplement.csproj", "{7CF4AAD9-51E9-405B-A38C-FFAD0432DCAB}"
EndProject
Project("{FAE04EC0-301F-11D3-BF4B-00C04F79EFBC}") = "InsertSortXUnit", "InsertSortXUnit\InsertSortXUnit.csproj", "{44F07B29-E18F-4E04-B942-5DAD058D57B2}"
EndProject
Project("{2150E333-8FDC-42A3-9474-1A3956D46DE8}") = "Solution Items", "Solution Items", "{0D5B8199-304F-4F2B-A85B-0E567DCEF916}"
	ProjectSection(SolutionItems) = preProject
		..\README.md = ..\README.md
	EndProjectSection
EndProject
Global
	GlobalSection(SolutionConfigurationPlatforms) = preSolution
		Debug|Any CPU = Debug|Any CPU
		Release|Any CPU = Release|Any CPU
	EndGlobalSection
	GlobalSection(ProjectConfigurationPlatforms) = postSolution
		{7CF4AAD9-51E9-405B-A38C-FFAD0432DCAB}.Debug|Any CPU.ActiveCfg = Debug|Any CPU
		{7CF4AAD9-51E9-405B-A38C-FFAD0432DCAB}.Debug|Any CPU.Build.0 = Debug|Any CPU
		{7CF4AAD9-51E9-405B-A38C-FFAD0432DCAB}.Release|Any CPU.ActiveCfg = Release|Any CPU
		{7CF4AAD9-51E9-405B-A38C-FFAD0432DCAB}.Release|Any CPU.Build.0 = Release|Any CPU
		{44F07B29-E18F-4E04-B942-5DAD058D57B2}.Debug|Any CPU.ActiveCfg = Debug|Any CPU
		{44F07B29-E18F-4E04-B942-5DAD058D57B2}.Debug|Any CPU.Build.0 = Debug|Any CPU
		{44F07B29-E18F-4E04-B942-5DAD058D57B2}.Release|Any CPU.ActiveCfg = Release|Any CPU
		{44F07B29-E18F-4E04-B942-5DAD058D57B2}.Release|Any CPU.Build.0 = Release|Any CPU
	EndGlobalSection
	GlobalSection(SolutionProperties) = preSolution
		HideSolutionNode = FALSE
	EndGlobalSection
	GlobalSection(ExtensibilityGlobals) = postSolution
		SolutionGuid = {56B37972-625D-4737-B010-51A16EA202DB}
	EndGlobalSection
EndGlobal
